
Microsoft Visual Studio Solution File, Format Version 12.00
# Visual Studio Version 16
VisualStudioVersion = 16.0.30114.105
MinimumVisualStudioVersion = 10.0.40219.1
Project("{9A19103F-16F7-4668-BE54-9A1E7A4F7556}") = "uSoftware-mp-api", "uSoftware-mp-api\uSoftware-mp-api.csproj", "{87F102E2-D3CC-40A6-9966-5AFA39AC294A}"
EndProject
Project("{9A19103F-16F7-4668-BE54-9A1E7A4F7556}") = "usoftware-mp-lib", "usoftware-mp-lib\usoftware-mp-lib.csproj", "{45326673-8E7B-4362-A47E-E1544B079BAD}"
EndProject
Global
	GlobalSection(SolutionConfigurationPlatforms) = preSolution
		Debug|Any CPU = Debug|Any CPU
		Release|Any CPU = Release|Any CPU
	EndGlobalSection
	GlobalSection(ProjectConfigurationPlatforms) = postSolution
		{87F102E2-D3CC-40A6-9966-5AFA39AC294A}.Debug|Any CPU.ActiveCfg = Debug|Any CPU
		{87F102E2-D3CC-40A6-9966-5AFA39AC294A}.Debug|Any CPU.Build.0 = Debug|Any CPU
		{87F102E2-D3CC-40A6-9966-5AFA39AC294A}.Release|Any CPU.ActiveCfg = Release|Any CPU
		{87F102E2-D3CC-40A6-9966-5AFA39AC294A}.Release|Any CPU.Build.0 = Release|Any CPU
		{45326673-8E7B-4362-A47E-E1544B079BAD}.Debug|Any CPU.ActiveCfg = Debug|Any CPU
		{45326673-8E7B-4362-A47E-E1544B079BAD}.Debug|Any CPU.Build.0 = Debug|Any CPU
		{45326673-8E7B-4362-A47E-E1544B079BAD}.Release|Any CPU.ActiveCfg = Release|Any CPU
		{45326673-8E7B-4362-A47E-E1544B079BAD}.Release|Any CPU.Build.0 = Release|Any CPU
	EndGlobalSection
	GlobalSection(SolutionProperties) = preSolution
		HideSolutionNode = FALSE
	EndGlobalSection
	GlobalSection(ExtensibilityGlobals) = postSolution
		SolutionGuid = {83E36850-EC52-4B9B-9EBB-7AA013A8DB36}
	EndGlobalSection
EndGlobal
